// !$*UTF8*$!
{
	archiveVersion = 1;
	classes = {
	};
	objectVersion = 46;
	objects = {

/* Begin PBXBuildFile section */
		38C928971B32F37800625D79 /* main.m in Sources */ = {isa = PBXBuildFile; fileRef = 38C928961B32F37800625D79 /* main.m */; };
		38C9289A1B32F37800625D79 /* AppDelegate.m in Sources */ = {isa = PBXBuildFile; fileRef = 38C928991B32F37800625D79 /* AppDelegate.m */; };
		38C9289D1B32F37800625D79 /* gameofthrones.xcdatamodeld in Sources */ = {isa = PBXBuildFile; fileRef = 38C9289B1B32F37800625D79 /* gameofthrones.xcdatamodeld */; };
		38C928A01B32F37800625D79 /* Start.m in Sources */ = {isa = PBXBuildFile; fileRef = 38C9289F1B32F37800625D79 /* Start.m */; };
		38C928A31B32F37800625D79 /* Main.storyboard in Resources */ = {isa = PBXBuildFile; fileRef = 38C928A11B32F37800625D79 /* Main.storyboard */; };
		38C928A51B32F37800625D79 /* Images.xcassets in Resources */ = {isa = PBXBuildFile; fileRef = 38C928A41B32F37800625D79 /* Images.xcassets */; };
		38C928A81B32F37800625D79 /* LaunchScreen.xib in Resources */ = {isa = PBXBuildFile; fileRef = 38C928A61B32F37800625D79 /* LaunchScreen.xib */; };
		38C928B41B32F37800625D79 /* gameofthronesTests.m in Sources */ = {isa = PBXBuildFile; fileRef = 38C928B31B32F37800625D79 /* gameofthronesTests.m */; };
		38C928CA1B32F49700625D79 /* dany.jpg in Resources */ = {isa = PBXBuildFile; fileRef = 38C928C31B32F49700625D79 /* dany.jpg */; };
		38C928CB1B32F49700625D79 /* drogo.png in Resources */ = {isa = PBXBuildFile; fileRef = 38C928C41B32F49700625D79 /* drogo.png */; };
		38C928CC1B32F49700625D79 /* goTWallpaper.jpg in Resources */ = {isa = PBXBuildFile; fileRef = 38C928C51B32F49700625D79 /* goTWallpaper.jpg */; };
		38C928CD1B32F49700625D79 /* joffrey.png in Resources */ = {isa = PBXBuildFile; fileRef = 38C928C61B32F49700625D79 /* joffrey.png */; };
		38C928CE1B32F49700625D79 /* jonsnow.jpeg in Resources */ = {isa = PBXBuildFile; fileRef = 38C928C71B32F49700625D79 /* jonsnow.jpeg */; };
		38C928CF1B32F49700625D79 /* tyrion.png in Resources */ = {isa = PBXBuildFile; fileRef = 38C928C81B32F49700625D79 /* tyrion.png */; };
		38C928D01B32F49700625D79 /* wallpaper.jpg in Resources */ = {isa = PBXBuildFile; fileRef = 38C928C91B32F49700625D79 /* wallpaper.jpg */; };
		38C928D41B32F4B800625D79 /* cellGoT.m in Sources */ = {isa = PBXBuildFile; fileRef = 38C928D21B32F4B800625D79 /* cellGoT.m */; };
		38C928D51B32F4B800625D79 /* cellGoT.xib in Resources */ = {isa = PBXBuildFile; fileRef = 38C928D31B32F4B800625D79 /* cellGoT.xib */; };
		38C928D81B32F51C00625D79 /* Declarations.m in Sources */ = {isa = PBXBuildFile; fileRef = 38C928D71B32F51C00625D79 /* Declarations.m */; };
		38C928DB1B32F72000625D79 /* CharacterDetails.m in Sources */ = {isa = PBXBuildFile; fileRef = 38C928DA1B32F72000625D79 /* CharacterDetails.m */; };
		38C928DE1B32F73300625D79 /* AddCharacter.m in Sources */ = {isa = PBXBuildFile; fileRef = 38C928DD1B32F73300625D79 /* AddCharacter.m */; };
/* End PBXBuildFile section */

/* Begin PBXContainerItemProxy section */
		38C928AE1B32F37800625D79 /* PBXContainerItemProxy */ = {
			isa = PBXContainerItemProxy;
			containerPortal = 38C928891B32F37800625D79 /* Project object */;
			proxyType = 1;
			remoteGlobalIDString = 38C928901B32F37800625D79;
			remoteInfo = gameofthrones;
		};
/* End PBXContainerItemProxy section */

/* Begin PBXFileReference section */
		38C928911B32F37800625D79 /* gameofthrones.app */ = {isa = PBXFileReference; explicitFileType = wrapper.application; includeInIndex = 0; path = gameofthrones.app; sourceTree = BUILT_PRODUCTS_DIR; };
		38C928951B32F37800625D79 /* Info.plist */ = {isa = PBXFileReference; lastKnownFileType = text.plist.xml; path = Info.plist; sourceTree = "<group>"; };
		38C928961B32F37800625D79 /* main.m */ = {isa = PBXFileReference; lastKnownFileType = sourcecode.c.objc; path = main.m; sourceTree = "<group>"; };
		38C928981B32F37800625D79 /* AppDelegate.h */ = {isa = PBXFileReference; lastKnownFileType = sourcecode.c.h; path = AppDelegate.h; sourceTree = "<group>"; };
		38C928991B32F37800625D79 /* AppDelegate.m */ = {isa = PBXFileReference; lastKnownFileType = sourcecode.c.objc; path = AppDelegate.m; sourceTree = "<group>"; };
		38C9289C1B32F37800625D79 /* gameofthrones.xcdatamodel */ = {isa = PBXFileReference; lastKnownFileType = wrapper.xcdatamodel; path = gameofthrones.xcdatamodel; sourceTree = "<group>"; };
		38C9289E1B32F37800625D79 /* Start.h */ = {isa = PBXFileReference; lastKnownFileType = sourcecode.c.h; path = Start.h; sourceTree = "<group>"; };
		38C9289F1B32F37800625D79 /* Start.m */ = {isa = PBXFileReference; lastKnownFileType = sourcecode.c.objc; path = Start.m; sourceTree = "<group>"; };
		38C928A21B32F37800625D79 /* Base */ = {isa = PBXFileReference; lastKnownFileType = file.storyboard; name = Base; path = Base.lproj/Main.storyboard; sourceTree = "<group>"; };
		38C928A41B32F37800625D79 /* Images.xcassets */ = {isa = PBXFileReference; lastKnownFileType = folder.assetcatalog; path = Images.xcassets; sourceTree = "<group>"; };
		38C928A71B32F37800625D79 /* Base */ = {isa = PBXFileReference; lastKnownFileType = file.xib; name = Base; path = Base.lproj/LaunchScreen.xib; sourceTree = "<group>"; };
		38C928AD1B32F37800625D79 /* gameofthronesTests.xctest */ = {isa = PBXFileReference; explicitFileType = wrapper.cfbundle; includeInIndex = 0; path = gameofthronesTests.xctest; sourceTree = BUILT_PRODUCTS_DIR; };
		38C928B21B32F37800625D79 /* Info.plist */ = {isa = PBXFileReference; lastKnownFileType = text.plist.xml; path = Info.plist; sourceTree = "<group>"; };
		38C928B31B32F37800625D79 /* gameofthronesTests.m */ = {isa = PBXFileReference; lastKnownFileType = sourcecode.c.objc; path = gameofthronesTests.m; sourceTree = "<group>"; };
		38C928C31B32F49700625D79 /* dany.jpg */ = {isa = PBXFileReference; lastKnownFileType = image.jpeg; name = dany.jpg; path = "../../../../../Downloads/CM-Table-Tutorial-master 2/CM-Table-Tutorial/CM-Table/imgs/dany.jpg"; sourceTree = "<group>"; };
		38C928C41B32F49700625D79 /* drogo.png */ = {isa = PBXFileReference; lastKnownFileType = image.png; name = drogo.png; path = "../../../../../Downloads/CM-Table-Tutorial-master 2/CM-Table-Tutorial/CM-Table/imgs/drogo.png"; sourceTree = "<group>"; };
		38C928C51B32F49700625D79 /* goTWallpaper.jpg */ = {isa = PBXFileReference; lastKnownFileType = image.jpeg; name = goTWallpaper.jpg; path = "../../../../../Downloads/CM-Table-Tutorial-master 2/CM-Table-Tutorial/CM-Table/imgs/goTWallpaper.jpg"; sourceTree = "<group>"; };
		38C928C61B32F49700625D79 /* joffrey.png */ = {isa = PBXFileReference; lastKnownFileType = image.png; name = joffrey.png; path = "../../../../../Downloads/CM-Table-Tutorial-master 2/CM-Table-Tutorial/CM-Table/imgs/joffrey.png"; sourceTree = "<group>"; };
		38C928C71B32F49700625D79 /* jonsnow.jpeg */ = {isa = PBXFileReference; lastKnownFileType = image.jpeg; name = jonsnow.jpeg; path = "../../../../../Downloads/CM-Table-Tutorial-master 2/CM-Table-Tutorial/CM-Table/imgs/jonsnow.jpeg"; sourceTree = "<group>"; };
		38C928C81B32F49700625D79 /* tyrion.png */ = {isa = PBXFileReference; lastKnownFileType = image.png; name = tyrion.png; path = "../../../../../Downloads/CM-Table-Tutorial-master 2/CM-Table-Tutorial/CM-Table/imgs/tyrion.png"; sourceTree = "<group>"; };
		38C928C91B32F49700625D79 /* wallpaper.jpg */ = {isa = PBXFileReference; lastKnownFileType = image.jpeg; name = wallpaper.jpg; path = "../../../../../Downloads/CM-Table-Tutorial-master 2/CM-Table-Tutorial/CM-Table/imgs/wallpaper.jpg"; sourceTree = "<group>"; };
		38C928D11B32F4B800625D79 /* cellGoT.h */ = {isa = PBXFileReference; fileEncoding = 4; lastKnownFileType = sourcecode.c.h; name = cellGoT.h; path = "../../../../../Downloads/CM-Table-Tutorial-master 2/CM-Table-Tutorial/CM-Table/cellGoT.h"; sourceTree = "<group>"; };
		38C928D21B32F4B800625D79 /* cellGoT.m */ = {isa = PBXFileReference; fileEncoding = 4; lastKnownFileType = sourcecode.c.objc; name = cellGoT.m; path = "../../../../../Downloads/CM-Table-Tutorial-master 2/CM-Table-Tutorial/CM-Table/cellGoT.m"; sourceTree = "<group>"; };
		38C928D31B32F4B800625D79 /* cellGoT.xib */ = {isa = PBXFileReference; fileEncoding = 4; lastKnownFileType = file.xib; name = cellGoT.xib; path = "../../../../../Downloads/CM-Table-Tutorial-master 2/CM-Table-Tutorial/CM-Table/cellGoT.xib"; sourceTree = "<group>"; };
		38C928D61B32F51C00625D79 /* Declarations.h */ = {isa = PBXFileReference; fileEncoding = 4; lastKnownFileType = sourcecode.c.h; name = Declarations.h; path = "../../../../../Downloads/CM-Table-Tutorial-master 2/CM-Table-Tutorial/CM-Table/Declarations.h"; sourceTree = "<group>"; };
		38C928D71B32F51C00625D79 /* Declarations.m */ = {isa = PBXFileReference; fileEncoding = 4; lastKnownFileType = sourcecode.c.objc; name = Declarations.m; path = "../../../../../Downloads/CM-Table-Tutorial-master 2/CM-Table-Tutorial/CM-Table/Declarations.m"; sourceTree = "<group>"; };
		38C928D91B32F72000625D79 /* CharacterDetails.h */ = {isa = PBXFileReference; fileEncoding = 4; lastKnownFileType = sourcecode.c.h; path = CharacterDetails.h; sourceTree = "<group>"; };
		38C928DA1B32F72000625D79 /* CharacterDetails.m */ = {isa = PBXFileReference; fileEncoding = 4; lastKnownFileType = sourcecode.c.objc; path = CharacterDetails.m; sourceTree = "<group>"; };
		38C928DC1B32F73300625D79 /* AddCharacter.h */ = {isa = PBXFileReference; fileEncoding = 4; lastKnownFileType = sourcecode.c.h; path = AddCharacter.h; sourceTree = "<group>"; };
		38C928DD1B32F73300625D79 /* AddCharacter.m */ = {isa = PBXFileReference; fileEncoding = 4; lastKnownFileType = sourcecode.c.objc; path = AddCharacter.m; sourceTree = "<group>"; };
/* End PBXFileReference section */

/* Begin PBXFrameworksBuildPhase section */
		38C9288E1B32F37800625D79 /* Frameworks */ = {
			isa = PBXFrameworksBuildPhase;
			buildActionMask = 2147483647;
			files = (
			);
			runOnlyForDeploymentPostprocessing = 0;
		};
		38C928AA1B32F37800625D79 /* Frameworks */ = {
			isa = PBXFrameworksBuildPhase;
			buildActionMask = 2147483647;
			files = (
			);
			runOnlyForDeploymentPostprocessing = 0;
		};
/* End PBXFrameworksBuildPhase section */

/* Begin PBXGroup section */
		38C928881B32F37800625D79 = {
			isa = PBXGroup;
			children = (
				38C928931B32F37800625D79 /* gameofthrones */,
				38C928B01B32F37800625D79 /* gameofthronesTests */,
				38C928921B32F37800625D79 /* Products */,
			);
			sourceTree = "<group>";
		};
		38C928921B32F37800625D79 /* Products */ = {
			isa = PBXGroup;
			children = (
				38C928911B32F37800625D79 /* gameofthrones.app */,
				38C928AD1B32F37800625D79 /* gameofthronesTests.xctest */,
			);
			name = Products;
			sourceTree = "<group>";
		};
		38C928931B32F37800625D79 /* gameofthrones */ = {
			isa = PBXGroup;
			children = (
				38C928BD1B32F3D500625D79 /* Main */,
				38C928BE1B32F3DD00625D79 /* Customized */,
				38C928BF1B32F3E600625D79 /* Controllers */,
				38C928A11B32F37800625D79 /* Main.storyboard */,
				38C928A41B32F37800625D79 /* Images.xcassets */,
				38C928A61B32F37800625D79 /* LaunchScreen.xib */,
				38C9289B1B32F37800625D79 /* gameofthrones.xcdatamodeld */,
				38C928941B32F37800625D79 /* Supporting Files */,
				38C928C21B32F47100625D79 /* imgs */,
			);
			path = gameofthrones;
			sourceTree = "<group>";
		};
		38C928941B32F37800625D79 /* Supporting Files */ = {
			isa = PBXGroup;
			children = (
				38C928951B32F37800625D79 /* Info.plist */,
				38C928961B32F37800625D79 /* main.m */,
			);
			name = "Supporting Files";
			sourceTree = "<group>";
		};
		38C928B01B32F37800625D79 /* gameofthronesTests */ = {
			isa = PBXGroup;
			children = (
				38C928B31B32F37800625D79 /* gameofthronesTests.m */,
				38C928B11B32F37800625D79 /* Supporting Files */,
			);
			path = gameofthronesTests;
			sourceTree = "<group>";
		};
		38C928B11B32F37800625D79 /* Supporting Files */ = {
			isa = PBXGroup;
			children = (
				38C928B21B32F37800625D79 /* Info.plist */,
			);
			name = "Supporting Files";
			sourceTree = "<group>";
		};
		38C928BD1B32F3D500625D79 /* Main */ = {
			isa = PBXGroup;
			children = (
				38C928981B32F37800625D79 /* AppDelegate.h */,
				38C928991B32F37800625D79 /* AppDelegate.m */,
				38C928D61B32F51C00625D79 /* Declarations.h */,
				38C928D71B32F51C00625D79 /* Declarations.m */,
			);
			name = Main;
			sourceTree = "<group>";
		};
		38C928BE1B32F3DD00625D79 /* Customized */ = {
			isa = PBXGroup;
			children = (
				38C928D11B32F4B800625D79 /* cellGoT.h */,
				38C928D21B32F4B800625D79 /* cellGoT.m */,
				38C928D31B32F4B800625D79 /* cellGoT.xib */,
			);
			name = Customized;
			sourceTree = "<group>";
		};
		38C928BF1B32F3E600625D79 /* Controllers */ = {
			isa = PBXGroup;
			children = (
				38C9289E1B32F37800625D79 /* Start.h */,
				38C9289F1B32F37800625D79 /* Start.m */,
				38C928D91B32F72000625D79 /* CharacterDetails.h */,
				38C928DA1B32F72000625D79 /* CharacterDetails.m */,
				38C928DC1B32F73300625D79 /* AddCharacter.h */,
				38C928DD1B32F73300625D79 /* AddCharacter.m */,
			);
			name = Controllers;
			sourceTree = "<group>";
		};
		38C928C21B32F47100625D79 /* imgs */ = {
			isa = PBXGroup;
			children = (
				38C928C31B32F49700625D79 /* dany.jpg */,
				38C928C41B32F49700625D79 /* drogo.png */,
				38C928C51B32F49700625D79 /* goTWallpaper.jpg */,
				38C928C61B32F49700625D79 /* joffrey.png */,
				38C928C71B32F49700625D79 /* jonsnow.jpeg */,
				38C928C81B32F49700625D79 /* tyrion.png */,
				38C928C91B32F49700625D79 /* wallpaper.jpg */,
			);
			name = imgs;
			sourceTree = "<group>";
		};
/* End PBXGroup section */

/* Begin PBXNativeTarget section */
		38C928901B32F37800625D79 /* gameofthrones */ = {
			isa = PBXNativeTarget;
			buildConfigurationList = 38C928B71B32F37800625D79 /* Build configuration list for PBXNativeTarget "gameofthrones" */;
			buildPhases = (
				38C9288D1B32F37800625D79 /* Sources */,
				38C9288E1B32F37800625D79 /* Frameworks */,
				38C9288F1B32F37800625D79 /* Resources */,
			);
			buildRules = (
			);
			dependencies = (
			);
			name = gameofthrones;
			productName = gameofthrones;
			productReference = 38C928911B32F37800625D79 /* gameofthrones.app */;
			productType = "com.apple.product-type.application";
		};
		38C928AC1B32F37800625D79 /* gameofthronesTests */ = {
			isa = PBXNativeTarget;
			buildConfigurationList = 38C928BA1B32F37800625D79 /* Build configuration list for PBXNativeTarget "gameofthronesTests" */;
			buildPhases = (
				38C928A91B32F37800625D79 /* Sources */,
				38C928AA1B32F37800625D79 /* Frameworks */,
				38C928AB1B32F37800625D79 /* Resources */,
			);
			buildRules = (
			);
			dependencies = (
				38C928AF1B32F37800625D79 /* PBXTargetDependency */,
			);
			name = gameofthronesTests;
			productName = gameofthronesTests;
			productReference = 38C928AD1B32F37800625D79 /* gameofthronesTests.xctest */;
			productType = "com.apple.product-type.bundle.unit-test";
		};
/* End PBXNativeTarget section */

/* Begin PBXProject section */
		38C928891B32F37800625D79 /* Project object */ = {
			isa = PBXProject;
			attributes = {
				LastUpgradeCheck = 0630;
				ORGANIZATIONNAME = vita;
				TargetAttributes = {
					38C928901B32F37800625D79 = {
						CreatedOnToolsVersion = 6.3.2;
					};
					38C928AC1B32F37800625D79 = {
						CreatedOnToolsVersion = 6.3.2;
						TestTargetID = 38C928901B32F37800625D79;
					};
				};
			};
			buildConfigurationList = 38C9288C1B32F37800625D79 /* Build configuration list for PBXProject "gameofthrones" */;
			compatibilityVersion = "Xcode 3.2";
			developmentRegion = English;
			hasScannedForEncodings = 0;
			knownRegions = (
				en,
				Base,
			);
			mainGroup = 38C928881B32F37800625D79;
			productRefGroup = 38C928921B32F37800625D79 /* Products */;
			projectDirPath = "";
			projectRoot = "";
			targets = (
				38C928901B32F37800625D79 /* gameofthrones */,
				38C928AC1B32F37800625D79 /* gameofthronesTests */,
			);
		};
/* End PBXProject section */

/* Begin PBXResourcesBuildPhase section */
		38C9288F1B32F37800625D79 /* Resources */ = {
			isa = PBXResourcesBuildPhase;
			buildActionMask = 2147483647;
			files = (
				38C928CB1B32F49700625D79 /* drogo.png in Resources */,
				38C928A31B32F37800625D79 /* Main.storyboard in Resources */,
				38C928A81B32F37800625D79 /* LaunchScreen.xib in Resources */,
				38C928CF1B32F49700625D79 /* tyrion.png in Resources */,
				38C928D01B32F49700625D79 /* wallpaper.jpg in Resources */,
				38C928CC1B32F49700625D79 /* goTWallpaper.jpg in Resources */,
				38C928CD1B32F49700625D79 /* joffrey.png in Resources */,
				38C928D51B32F4B800625D79 /* cellGoT.xib in Resources */,
				38C928A51B32F37800625D79 /* Images.xcassets in Resources */,
				38C928CE1B32F49700625D79 /* jonsnow.jpeg in Resources */,
				38C928CA1B32F49700625D79 /* dany.jpg in Resources */,
			);
			runOnlyForDeploymentPostprocessing = 0;
		};
		38C928AB1B32F37800625D79 /* Resources */ = {
			isa = PBXResourcesBuildPhase;
			buildActionMask = 2147483647;
			files = (
			);
			runOnlyForDeploymentPostprocessing = 0;
		};
/* End PBXResourcesBuildPhase section */

/* Begin PBXSourcesBuildPhase section */
		38C9288D1B32F37800625D79 /* Sources */ = {
			isa = PBXSourcesBuildPhase;
			buildActionMask = 2147483647;
			files = (
				38C9289D1B32F37800625D79 /* gameofthrones.xcdatamodeld in Sources */,
				38C928DB1B32F72000625D79 /* CharacterDetails.m in Sources */,
				38C928D41B32F4B800625D79 /* cellGoT.m in Sources */,
				38C928D81B32F51C00625D79 /* Declarations.m in Sources */,
				38C9289A1B32F37800625D79 /* AppDelegate.m in Sources */,
				38C928A01B32F37800625D79 /* Start.m in Sources */,
				38C928971B32F37800625D79 /* main.m in Sources */,
				38C928DE1B32F73300625D79 /* AddCharacter.m in Sources */,
			);
			runOnlyForDeploymentPostprocessing = 0;
		};
		38C928A91B32F37800625D79 /* Sources */ = {
			isa = PBXSourcesBuildPhase;
			buildActionMask = 2147483647;
			files = (
				38C928B41B32F37800625D79 /* gameofthronesTests.m in Sources */,
			);
			runOnlyForDeploymentPostprocessing = 0;
		};
/* End PBXSourcesBuildPhase section */

/* Begin PBXTargetDependency section */
		38C928AF1B32F37800625D79 /* PBXTargetDependency */ = {
			isa = PBXTargetDependency;
			target = 38C928901B32F37800625D79 /* gameofthrones */;
			targetProxy = 38C928AE1B32F37800625D79 /* PBXContainerItemProxy */;
		};
/* End PBXTargetDependency section */

/* Begin PBXVariantGroup section */
		38C928A11B32F37800625D79 /* Main.storyboard */ = {
			isa = PBXVariantGroup;
			children = (
				38C928A21B32F37800625D79 /* Base */,
			);
			name = Main.storyboard;
			sourceTree = "<group>";
		};
		38C928A61B32F37800625D79 /* LaunchScreen.xib */ = {
			isa = PBXVariantGroup;
			children = (
				38C928A71B32F37800625D79 /* Base */,
			);
			name = LaunchScreen.xib;
			sourceTree = "<group>";
		};
/* End PBXVariantGroup section */

/* Begin XCBuildConfiguration section */
		38C928B51B32F37800625D79 /* Debug */ = {
			isa = XCBuildConfiguration;
			buildSettings = {
				ALWAYS_SEARCH_USER_PATHS = NO;
				CLANG_CXX_LANGUAGE_STANDARD = "gnu++0x";
				CLANG_CXX_LIBRARY = "libc++";
				CLANG_ENABLE_MODULES = YES;
				CLANG_ENABLE_OBJC_ARC = YES;
				CLANG_WARN_BOOL_CONVERSION = YES;
				CLANG_WARN_CONSTANT_CONVERSION = YES;
				CLANG_WARN_DIRECT_OBJC_ISA_USAGE = YES_ERROR;
				CLANG_WARN_EMPTY_BODY = YES;
				CLANG_WARN_ENUM_CONVERSION = YES;
				CLANG_WARN_INT_CONVERSION = YES;
				CLANG_WARN_OBJC_ROOT_CLASS = YES_ERROR;
				CLANG_WARN_UNREACHABLE_CODE = YES;
				CLANG_WARN__DUPLICATE_METHOD_MATCH = YES;
				"CODE_SIGN_IDENTITY[sdk=iphoneos*]" = "iPhone Developer";
				COPY_PHASE_STRIP = NO;
				DEBUG_INFORMATION_FORMAT = "dwarf-with-dsym";
				ENABLE_STRICT_OBJC_MSGSEND = YES;
				GCC_C_LANGUAGE_STANDARD = gnu99;
				GCC_DYNAMIC_NO_PIC = NO;
				GCC_NO_COMMON_BLOCKS = YES;
				GCC_OPTIMIZATION_LEVEL = 0;
				GCC_PREPROCESSOR_DEFINITIONS = (
					"DEBUG=1",
					"$(inherited)",
				);
				GCC_SYMBOLS_PRIVATE_EXTERN = NO;
				GCC_WARN_64_TO_32_BIT_CONVERSION = YES;
				GCC_WARN_ABOUT_RETURN_TYPE = YES_ERROR;
				GCC_WARN_UNDECLARED_SELECTOR = YES;
				GCC_WARN_UNINITIALIZED_AUTOS = YES_AGGRESSIVE;
				GCC_WARN_UNUSED_FUNCTION = YES;
				GCC_WARN_UNUSED_VARIABLE = YES;
				IPHONEOS_DEPLOYMENT_TARGET = 8.3;
				MTL_ENABLE_DEBUG_INFO = YES;
				ONLY_ACTIVE_ARCH = YES;
				SDKROOT = iphoneos;
			};
			name = Debug;
		};
		38C928B61B32F37800625D79 /* Release */ = {
			isa = XCBuildConfiguration;
			buildSettings = {
				ALWAYS_SEARCH_USER_PATHS = NO;
				CLANG_CXX_LANGUAGE_STANDARD = "gnu++0x";
				CLANG_CXX_LIBRARY = "libc++";
				CLANG_ENABLE_MODULES = YES;
				CLANG_ENABLE_OBJC_ARC = YES;
				CLANG_WARN_BOOL_CONVERSION = YES;
				CLANG_WARN_CONSTANT_CONVERSION = YES;
				CLANG_WARN_DIRECT_OBJC_ISA_USAGE = YES_ERROR;
				CLANG_WARN_EMPTY_BODY = YES;
				CLANG_WARN_ENUM_CONVERSION = YES;
				CLANG_WARN_INT_CONVERSION = YES;
				CLANG_WARN_OBJC_ROOT_CLASS = YES_ERROR;
				CLANG_WARN_UNREACHABLE_CODE = YES;
				CLANG_WARN__DUPLICATE_METHOD_MATCH = YES;
				"CODE_SIGN_IDENTITY[sdk=iphoneos*]" = "iPhone Developer";
				COPY_PHASE_STRIP = NO;
				DEBUG_INFORMATION_FORMAT = "dwarf-with-dsym";
				ENABLE_NS_ASSERTIONS = NO;
				ENABLE_STRICT_OBJC_MSGSEND = YES;
				GCC_C_LANGUAGE_STANDARD = gnu99;
				GCC_NO_COMMON_BLOCKS = YES;
				GCC_WARN_64_TO_32_BIT_CONVERSION = YES;
				GCC_WARN_ABOUT_RETURN_TYPE = YES_ERROR;
				GCC_WARN_UNDECLARED_SELECTOR = YES;
				GCC_WARN_UNINITIALIZED_AUTOS = YES_AGGRESSIVE;
				GCC_WARN_UNUSED_FUNCTION = YES;
				GCC_WARN_UNUSED_VARIABLE = YES;
				IPHONEOS_DEPLOYMENT_TARGET = 8.3;
				MTL_ENABLE_DEBUG_INFO = NO;
				SDKROOT = iphoneos;
				VALIDATE_PRODUCT = YES;
			};
			name = Release;
		};
		38C928B81B32F37800625D79 /* Debug */ = {
			isa = XCBuildConfiguration;
			buildSettings = {
				ASSETCATALOG_COMPILER_APPICON_NAME = AppIcon;
				INFOPLIST_FILE = gameofthrones/Info.plist;
				LD_RUNPATH_SEARCH_PATHS = "$(inherited) @executable_path/Frameworks";
				PRODUCT_NAME = "$(TARGET_NAME)";
			};
			name = Debug;
		};
		38C928B91B32F37800625D79 /* Release */ = {
			isa = XCBuildConfiguration;
			buildSettings = {
				ASSETCATALOG_COMPILER_APPICON_NAME = AppIcon;
				INFOPLIST_FILE = gameofthrones/Info.plist;
				LD_RUNPATH_SEARCH_PATHS = "$(inherited) @executable_path/Frameworks";
				PRODUCT_NAME = "$(TARGET_NAME)";
			};
			name = Release;
		};
		38C928BB1B32F37800625D79 /* Debug */ = {
			isa = XCBuildConfiguration;
			buildSettings = {
				BUNDLE_LOADER = "$(TEST_HOST)";
				FRAMEWORK_SEARCH_PATHS = (
					"$(SDKROOT)/Developer/Library/Frameworks",
					"$(inherited)",
				);
				GCC_PREPROCESSOR_DEFINITIONS = (
					"DEBUG=1",
					"$(inherited)",
				);
				INFOPLIST_FILE = gameofthronesTests/Info.plist;
				LD_RUNPATH_SEARCH_PATHS = "$(inherited) @executable_path/Frameworks @loader_path/Frameworks";
				PRODUCT_NAME = "$(TARGET_NAME)";
				TEST_HOST = "$(BUILT_PRODUCTS_DIR)/gameofthrones.app/gameofthrones";
			};
			name = Debug;
		};
		38C928BC1B32F37800625D79 /* Release */ = {
			isa = XCBuildConfiguration;
			buildSettings = {
				BUNDLE_LOADER = "$(TEST_HOST)";
				FRAMEWORK_SEARCH_PATHS = (
					"$(SDKROOT)/Developer/Library/Frameworks",
					"$(inherited)",
				);
				INFOPLIST_FILE = gameofthronesTests/Info.plist;
				LD_RUNPATH_SEARCH_PATHS = "$(inherited) @executable_path/Frameworks @loader_path/Frameworks";
				PRODUCT_NAME = "$(TARGET_NAME)";
				TEST_HOST = "$(BUILT_PRODUCTS_DIR)/gameofthrones.app/gameofthrones";
			};
			name = Release;
		};
/* End XCBuildConfiguration section */

/* Begin XCConfigurationList section */
		38C9288C1B32F37800625D79 /* Build configuration list for PBXProject "gameofthrones" */ = {
			isa = XCConfigurationList;
			buildConfigurations = (
				38C928B51B32F37800625D79 /* Debug */,
				38C928B61B32F37800625D79 /* Release */,
			);
			defaultConfigurationIsVisible = 0;
			defaultConfigurationName = Release;
		};
		38C928B71B32F37800625D79 /* Build configuration list for PBXNativeTarget "gameofthrones" */ = {
			isa = XCConfigurationList;
			buildConfigurations = (
				38C928B81B32F37800625D79 /* Debug */,
				38C928B91B32F37800625D79 /* Release */,
			);
			defaultConfigurationIsVisible = 0;
		};
		38C928BA1B32F37800625D79 /* Build configuration list for PBXNativeTarget "gameofthronesTests" */ = {
			isa = XCConfigurationList;
			buildConfigurations = (
				38C928BB1B32F37800625D79 /* Debug */,
				38C928BC1B32F37800625D79 /* Release */,
			);
			defaultConfigurationIsVisible = 0;
		};
/* End XCConfigurationList section */

/* Begin XCVersionGroup section */
		38C9289B1B32F37800625D79 /* gameofthrones.xcdatamodeld */ = {
			isa = XCVersionGroup;
			children = (
				38C9289C1B32F37800625D79 /* gameofthrones.xcdatamodel */,
			);
			currentVersion = 38C9289C1B32F37800625D79 /* gameofthrones.xcdatamodel */;
			path = gameofthrones.xcdatamodeld;
			sourceTree = "<group>";
			versionGroupType = wrapper.xcdatamodel;
		};
/* End XCVersionGroup section */
	};
	rootObject = 38C928891B32F37800625D79 /* Project object */;
}
